<?xml version="1.0" encoding="utf-8"?>
<Project ToolsVersion="4.0" xmlns="http://schemas.microsoft.com/developer/msbuild/2003">
  <ItemGroup>
    <ClCompile Include="main.cpp">
      <Filter>Source Code</Filter>
    </ClCompile>
    <ClCompile Include="FString.cpp">
      <Filter>Source Code</Filter>
    </ClCompile>
  </ItemGroup>
  <ItemGroup>
    <ClInclude Include="CoreType.h">
      <Filter>Header File</Filter>
    </ClInclude>
    <ClInclude Include="FString.h">
      <Filter>Header File</Filter>
    </ClInclude>
    <ClInclude Include="TArray.h">
      <Filter>Header File</Filter>
    </ClInclude>
    <ClInclude Include="TMap.h">
      <Filter>Header File</Filter>
    </ClInclude>
    <ClInclude Include="TSet.h">
      <Filter>Header File</Filter>
    </ClInclude>
  </ItemGroup>
  <ItemGroup>
    <Filter Include="Source Code">
      <UniqueIdentifier>{68b3f347-091c-45e6-8d67-7f4e041a3570}</UniqueIdentifier>
    </Filter>
    <Filter Include="Header File">
      <UniqueIdentifier>{47c489c2-314c-45bd-a717-e4ba16ed5378}</UniqueIdentifier>
    </Filter>
  </ItemGroup>
</Project>